
Microsoft Visual Studio Solution File, Format Version 12.00
# Visual Studio 14
VisualStudioVersion = 14.0.25420.1
MinimumVisualStudioVersion = 10.0.40219.1
Project("{FAE04EC0-301F-11D3-BF4B-00C04F79EFBC}") = "CoffeeShop.Common", "CoffeeShop.Common\CoffeeShop.Common.csproj", "{E2926C61-559E-42BB-8BFB-D3AAE2D7BBD1}"
EndProject
Project("{FAE04EC0-301F-11D3-BF4B-00C04F79EFBC}") = "CoffeeShop.Data", "CoffeeShop.Data\CoffeeShop.Data.csproj", "{D98A5F7F-2742-423B-AE1A-58BB01490C42}"
EndProject
Project("{FAE04EC0-301F-11D3-BF4B-00C04F79EFBC}") = "CoffeeShop.Model", "CoffeeShop.Model\CoffeeShop.Model.csproj", "{BB0C5481-04F0-4D69-ACEF-9CE49BCDB070}"
EndProject
Project("{FAE04EC0-301F-11D3-BF4B-00C04F79EFBC}") = "CoffeeShop.Service", "CoffeeShop.Service\CoffeeShop.Service.csproj", "{66B22729-B3EA-471F-BB2A-4E5ECB7F5378}"
EndProject
Project("{FAE04EC0-301F-11D3-BF4B-00C04F79EFBC}") = "CoffeeShop.UnitTest", "CoffeeShop.UnitTest\CoffeeShop.UnitTest.csproj", "{95D28433-0A37-4190-9770-320CA4E3A7B2}"
EndProject
Project("{FAE04EC0-301F-11D3-BF4B-00C04F79EFBC}") = "CoffeeShop.Web", "CoffeeShop.Web\CoffeeShop.Web.csproj", "{90579D2A-7FD5-4D6E-A31A-643832B98E61}"
EndProject
Global
	GlobalSection(SolutionConfigurationPlatforms) = preSolution
		Debug|Any CPU = Debug|Any CPU
		Release|Any CPU = Release|Any CPU
	EndGlobalSection
	GlobalSection(ProjectConfigurationPlatforms) = postSolution
		{E2926C61-559E-42BB-8BFB-D3AAE2D7BBD1}.Debug|Any CPU.ActiveCfg = Debug|Any CPU
		{E2926C61-559E-42BB-8BFB-D3AAE2D7BBD1}.Debug|Any CPU.Build.0 = Debug|Any CPU
		{E2926C61-559E-42BB-8BFB-D3AAE2D7BBD1}.Release|Any CPU.ActiveCfg = Release|Any CPU
		{E2926C61-559E-42BB-8BFB-D3AAE2D7BBD1}.Release|Any CPU.Build.0 = Release|Any CPU
		{D98A5F7F-2742-423B-AE1A-58BB01490C42}.Debug|Any CPU.ActiveCfg = Debug|Any CPU
		{D98A5F7F-2742-423B-AE1A-58BB01490C42}.Debug|Any CPU.Build.0 = Debug|Any CPU
		{D98A5F7F-2742-423B-AE1A-58BB01490C42}.Release|Any CPU.ActiveCfg = Release|Any CPU
		{D98A5F7F-2742-423B-AE1A-58BB01490C42}.Release|Any CPU.Build.0 = Release|Any CPU
		{BB0C5481-04F0-4D69-ACEF-9CE49BCDB070}.Debug|Any CPU.ActiveCfg = Debug|Any CPU
		{BB0C5481-04F0-4D69-ACEF-9CE49BCDB070}.Debug|Any CPU.Build.0 = Debug|Any CPU
		{BB0C5481-04F0-4D69-ACEF-9CE49BCDB070}.Release|Any CPU.ActiveCfg = Release|Any CPU
		{BB0C5481-04F0-4D69-ACEF-9CE49BCDB070}.Release|Any CPU.Build.0 = Release|Any CPU
		{66B22729-B3EA-471F-BB2A-4E5ECB7F5378}.Debug|Any CPU.ActiveCfg = Debug|Any CPU
		{66B22729-B3EA-471F-BB2A-4E5ECB7F5378}.Debug|Any CPU.Build.0 = Debug|Any CPU
		{66B22729-B3EA-471F-BB2A-4E5ECB7F5378}.Release|Any CPU.ActiveCfg = Release|Any CPU
		{66B22729-B3EA-471F-BB2A-4E5ECB7F5378}.Release|Any CPU.Build.0 = Release|Any CPU
		{95D28433-0A37-4190-9770-320CA4E3A7B2}.Debug|Any CPU.ActiveCfg = Debug|Any CPU
		{95D28433-0A37-4190-9770-320CA4E3A7B2}.Debug|Any CPU.Build.0 = Debug|Any CPU
		{95D28433-0A37-4190-9770-320CA4E3A7B2}.Release|Any CPU.ActiveCfg = Release|Any CPU
		{95D28433-0A37-4190-9770-320CA4E3A7B2}.Release|Any CPU.Build.0 = Release|Any CPU
		{90579D2A-7FD5-4D6E-A31A-643832B98E61}.Debug|Any CPU.ActiveCfg = Debug|Any CPU
		{90579D2A-7FD5-4D6E-A31A-643832B98E61}.Debug|Any CPU.Build.0 = Debug|Any CPU
		{90579D2A-7FD5-4D6E-A31A-643832B98E61}.Release|Any CPU.ActiveCfg = Release|Any CPU
		{90579D2A-7FD5-4D6E-A31A-643832B98E61}.Release|Any CPU.Build.0 = Release|Any CPU
	EndGlobalSection
	GlobalSection(SolutionProperties) = preSolution
		HideSolutionNode = FALSE
	EndGlobalSection
EndGlobal
